
Microsoft Visual Studio Solution File, Format Version 10.00
# Visual Studio 2008
Project("{2150E333-8FDC-42A3-9474-1A3956D46DE8}") = "公共库接口", "公共库接口", "{EF1EA104-B225-406F-B7F1-2ABCC45D627C}"
EndProject
Project("{2150E333-8FDC-42A3-9474-1A3956D46DE8}") = "客户端", "客户端", "{2180511F-15CF-4214-B351-7DF0417EEA6D}"
EndProject
Project("{FAE04EC0-301F-11D3-BF4B-00C04F79EFBC}") = "Itop", "Itop\Itop.csproj", "{825A1017-F516-4DA3-AAD3-66E0F7A49FEF}"
EndProject
Project("{FAE04EC0-301F-11D3-BF4B-00C04F79EFBC}") = "Itop.Client", "Itop.Client\Itop.Client.csproj", "{03C8E853-B600-46BF-B600-F53F41041CFD}"
EndProject
Project("{FAE04EC0-301F-11D3-BF4B-00C04F79EFBC}") = "Itop.Client.Service", "Itop.Client.Service\Itop.Client.Service.csproj", "{2B31579A-E50C-48CA-99F9-54E8F5D789D7}"
EndProject
Project("{FAE04EC0-301F-11D3-BF4B-00C04F79EFBC}") = "Itop.Common", "Itop.Common\Itop.Common.csproj", "{1674DC3E-AE42-42AE-8EF2-93946D1CD1FE}"
EndProject
Project("{FAE04EC0-301F-11D3-BF4B-00C04F79EFBC}") = "Itop.Client.Resources", "Itop.Client.Resources\Itop.Client.Resources.csproj", "{E10E96E6-C4FF-4AC0-B700-BB0A5AD1E17E}"
EndProject
Project("{FAE04EC0-301F-11D3-BF4B-00C04F79EFBC}") = "Itop.Client.Common", "Itop.Client.Common\Itop.Client.Common.csproj", "{0D1314B3-0451-4219-9133-43D9C1117EBC}"
EndProject
Project("{2150E333-8FDC-42A3-9474-1A3956D46DE8}") = "系统更新", "系统更新", "{227A3A89-4D88-472A-8D03-6DFBB24DEECE}"
EndProject
Project("{FAE04EC0-301F-11D3-BF4B-00C04F79EFBC}") = "Itop.DOMAIN.Update", "Itop.DOMAIN.Update\Itop.DOMAIN.Update.csproj", "{A579F0D5-1D92-4DD3-87D3-D76CFADFC8F4}"
EndProject
Project("{FAE04EC0-301F-11D3-BF4B-00C04F79EFBC}") = "Itop.UPDATE", "Itop.UPDATE\Itop.UPDATE.csproj", "{735C46D4-9083-4C7E-BB6E-8757E483EAE5}"
EndProject
Project("{FAE04EC0-301F-11D3-BF4B-00C04F79EFBC}") = "Itop.UPDATE.Copy", "Itop.UPDATE.Copy\Itop.UPDATE.Copy.csproj", "{F7395102-7B8D-4805-8910-94C714CA6719}"
EndProject
Project("{FAE04EC0-301F-11D3-BF4B-00C04F79EFBC}") = "Itop.UPLOAD", "Itop.UPLOAD\Itop.UPLOAD.csproj", "{1232003B-763E-4B2A-A52C-DA535AFAB51A}"
EndProject
Project("{FAE04EC0-301F-11D3-BF4B-00C04F79EFBC}") = "Itop.BusinessRule", "Itop.BusinessRule\Itop.BusinessRule.csproj", "{E7D96615-448F-4D36-95F0-EFE40B33530B}"
EndProject
Project("{FAE04EC0-301F-11D3-BF4B-00C04F79EFBC}") = "Itop.Common.Logging", "Itop.Common.Logging\Itop.Common.Logging.csproj", "{76A92F65-660A-48ED-9599-0639698AA245}"
EndProject
Project("{FAE04EC0-301F-11D3-BF4B-00C04F79EFBC}") = "Itop.RightManager", "Itop.RightManager\Itop.RightManager.csproj", "{1BC93C50-3E61-45FE-BC19-8289B9BA367C}"
EndProject
Project("{FAE04EC0-301F-11D3-BF4B-00C04F79EFBC}") = "Itop.Server", "Itop.Server\Itop.Server.csproj", "{C52DB6A2-012C-44DC-8620-2162BDCDA6B4}"
EndProject
Project("{FAE04EC0-301F-11D3-BF4B-00C04F79EFBC}") = "Itop.Server.Impl", "Itop.Server.Impl\Itop.Server.Impl.csproj", "{D6E41392-C3F6-4B03-A658-A5801F4F7FBE}"
EndProject
Project("{FAE04EC0-301F-11D3-BF4B-00C04F79EFBC}") = "Itop.WinService", "Itop.WinService\Itop.WinService.csproj", "{627EF674-6907-423D-AF1D-5B241D598C51}"
EndProject
Project("{FAE04EC0-301F-11D3-BF4B-00C04F79EFBC}") = "Itop.WinService.Manager", "Itop.WinService.Manager\Itop.WinService.Manager.csproj", "{D628956F-E059-425B-8262-70CC086CF917}"
EndProject
Project("{FAE04EC0-301F-11D3-BF4B-00C04F79EFBC}") = "Itop.Server.Interface", "Itop.Server.Interface\Itop.Server.Interface.csproj", "{FF17D989-55FF-40D8-AFD7-162A411CE67E}"
EndProject
Project("{FAE04EC0-301F-11D3-BF4B-00C04F79EFBC}") = "Itop.Domain", "Itop.Domain\Itop.Domain.csproj", "{A01142A6-F4FA-43FF-B2D6-09B186A6AAAC}"
EndProject
Global
	GlobalSection(SubversionScc) = preSolution
		Svn-Managed = True
		Manager = AnkhSVN - Subversion Support for Visual Studio
	EndGlobalSection
	GlobalSection(SolutionConfigurationPlatforms) = preSolution
		Debug|Any CPU = Debug|Any CPU
		Release|Any CPU = Release|Any CPU
	EndGlobalSection
	GlobalSection(ProjectConfigurationPlatforms) = postSolution
		{825A1017-F516-4DA3-AAD3-66E0F7A49FEF}.Debug|Any CPU.ActiveCfg = Debug|Any CPU
		{825A1017-F516-4DA3-AAD3-66E0F7A49FEF}.Debug|Any CPU.Build.0 = Debug|Any CPU
		{825A1017-F516-4DA3-AAD3-66E0F7A49FEF}.Release|Any CPU.ActiveCfg = Release|Any CPU
		{825A1017-F516-4DA3-AAD3-66E0F7A49FEF}.Release|Any CPU.Build.0 = Release|Any CPU
		{03C8E853-B600-46BF-B600-F53F41041CFD}.Debug|Any CPU.ActiveCfg = Debug|Any CPU
		{03C8E853-B600-46BF-B600-F53F41041CFD}.Debug|Any CPU.Build.0 = Debug|Any CPU
		{03C8E853-B600-46BF-B600-F53F41041CFD}.Release|Any CPU.ActiveCfg = Release|Any CPU
		{03C8E853-B600-46BF-B600-F53F41041CFD}.Release|Any CPU.Build.0 = Release|Any CPU
		{2B31579A-E50C-48CA-99F9-54E8F5D789D7}.Debug|Any CPU.ActiveCfg = Debug|Any CPU
		{2B31579A-E50C-48CA-99F9-54E8F5D789D7}.Debug|Any CPU.Build.0 = Debug|Any CPU
		{2B31579A-E50C-48CA-99F9-54E8F5D789D7}.Release|Any CPU.ActiveCfg = Release|Any CPU
		{2B31579A-E50C-48CA-99F9-54E8F5D789D7}.Release|Any CPU.Build.0 = Release|Any CPU
		{1674DC3E-AE42-42AE-8EF2-93946D1CD1FE}.Debug|Any CPU.ActiveCfg = Debug|Any CPU
		{1674DC3E-AE42-42AE-8EF2-93946D1CD1FE}.Debug|Any CPU.Build.0 = Debug|Any CPU
		{1674DC3E-AE42-42AE-8EF2-93946D1CD1FE}.Release|Any CPU.ActiveCfg = Release|Any CPU
		{1674DC3E-AE42-42AE-8EF2-93946D1CD1FE}.Release|Any CPU.Build.0 = Release|Any CPU
		{E10E96E6-C4FF-4AC0-B700-BB0A5AD1E17E}.Debug|Any CPU.ActiveCfg = Debug|Any CPU
		{E10E96E6-C4FF-4AC0-B700-BB0A5AD1E17E}.Debug|Any CPU.Build.0 = Debug|Any CPU
		{E10E96E6-C4FF-4AC0-B700-BB0A5AD1E17E}.Release|Any CPU.ActiveCfg = Release|Any CPU
		{E10E96E6-C4FF-4AC0-B700-BB0A5AD1E17E}.Release|Any CPU.Build.0 = Release|Any CPU
		{0D1314B3-0451-4219-9133-43D9C1117EBC}.Debug|Any CPU.ActiveCfg = Debug|Any CPU
		{0D1314B3-0451-4219-9133-43D9C1117EBC}.Debug|Any CPU.Build.0 = Debug|Any CPU
		{0D1314B3-0451-4219-9133-43D9C1117EBC}.Release|Any CPU.ActiveCfg = Release|Any CPU
		{0D1314B3-0451-4219-9133-43D9C1117EBC}.Release|Any CPU.Build.0 = Release|Any CPU
		{A579F0D5-1D92-4DD3-87D3-D76CFADFC8F4}.Debug|Any CPU.ActiveCfg = Debug|Any CPU
		{A579F0D5-1D92-4DD3-87D3-D76CFADFC8F4}.Debug|Any CPU.Build.0 = Debug|Any CPU
		{A579F0D5-1D92-4DD3-87D3-D76CFADFC8F4}.Release|Any CPU.ActiveCfg = Release|Any CPU
		{A579F0D5-1D92-4DD3-87D3-D76CFADFC8F4}.Release|Any CPU.Build.0 = Release|Any CPU
		{735C46D4-9083-4C7E-BB6E-8757E483EAE5}.Debug|Any CPU.ActiveCfg = Debug|Any CPU
		{735C46D4-9083-4C7E-BB6E-8757E483EAE5}.Debug|Any CPU.Build.0 = Debug|Any CPU
		{735C46D4-9083-4C7E-BB6E-8757E483EAE5}.Release|Any CPU.ActiveCfg = Release|Any CPU
		{735C46D4-9083-4C7E-BB6E-8757E483EAE5}.Release|Any CPU.Build.0 = Release|Any CPU
		{F7395102-7B8D-4805-8910-94C714CA6719}.Debug|Any CPU.ActiveCfg = Debug|Any CPU
		{F7395102-7B8D-4805-8910-94C714CA6719}.Debug|Any CPU.Build.0 = Debug|Any CPU
		{F7395102-7B8D-4805-8910-94C714CA6719}.Release|Any CPU.ActiveCfg = Release|Any CPU
		{F7395102-7B8D-4805-8910-94C714CA6719}.Release|Any CPU.Build.0 = Release|Any CPU
		{1232003B-763E-4B2A-A52C-DA535AFAB51A}.Debug|Any CPU.ActiveCfg = Debug|Any CPU
		{1232003B-763E-4B2A-A52C-DA535AFAB51A}.Debug|Any CPU.Build.0 = Debug|Any CPU
		{1232003B-763E-4B2A-A52C-DA535AFAB51A}.Release|Any CPU.ActiveCfg = Release|Any CPU
		{1232003B-763E-4B2A-A52C-DA535AFAB51A}.Release|Any CPU.Build.0 = Release|Any CPU
		{E7D96615-448F-4D36-95F0-EFE40B33530B}.Debug|Any CPU.ActiveCfg = Debug|Any CPU
		{E7D96615-448F-4D36-95F0-EFE40B33530B}.Debug|Any CPU.Build.0 = Debug|Any CPU
		{E7D96615-448F-4D36-95F0-EFE40B33530B}.Release|Any CPU.ActiveCfg = Release|Any CPU
		{E7D96615-448F-4D36-95F0-EFE40B33530B}.Release|Any CPU.Build.0 = Release|Any CPU
		{76A92F65-660A-48ED-9599-0639698AA245}.Debug|Any CPU.ActiveCfg = Debug|Any CPU
		{76A92F65-660A-48ED-9599-0639698AA245}.Debug|Any CPU.Build.0 = Debug|Any CPU
		{76A92F65-660A-48ED-9599-0639698AA245}.Release|Any CPU.ActiveCfg = Release|Any CPU
		{76A92F65-660A-48ED-9599-0639698AA245}.Release|Any CPU.Build.0 = Release|Any CPU
		{1BC93C50-3E61-45FE-BC19-8289B9BA367C}.Debug|Any CPU.ActiveCfg = Debug|Any CPU
		{1BC93C50-3E61-45FE-BC19-8289B9BA367C}.Debug|Any CPU.Build.0 = Debug|Any CPU
		{1BC93C50-3E61-45FE-BC19-8289B9BA367C}.Release|Any CPU.ActiveCfg = Release|Any CPU
		{1BC93C50-3E61-45FE-BC19-8289B9BA367C}.Release|Any CPU.Build.0 = Release|Any CPU
		{C52DB6A2-012C-44DC-8620-2162BDCDA6B4}.Debug|Any CPU.ActiveCfg = Debug|Any CPU
		{C52DB6A2-012C-44DC-8620-2162BDCDA6B4}.Debug|Any CPU.Build.0 = Debug|Any CPU
		{C52DB6A2-012C-44DC-8620-2162BDCDA6B4}.Release|Any CPU.ActiveCfg = Release|Any CPU
		{C52DB6A2-012C-44DC-8620-2162BDCDA6B4}.Release|Any CPU.Build.0 = Release|Any CPU
		{D6E41392-C3F6-4B03-A658-A5801F4F7FBE}.Debug|Any CPU.ActiveCfg = Debug|Any CPU
		{D6E41392-C3F6-4B03-A658-A5801F4F7FBE}.Debug|Any CPU.Build.0 = Debug|Any CPU
		{D6E41392-C3F6-4B03-A658-A5801F4F7FBE}.Release|Any CPU.ActiveCfg = Release|Any CPU
		{D6E41392-C3F6-4B03-A658-A5801F4F7FBE}.Release|Any CPU.Build.0 = Release|Any CPU
		{627EF674-6907-423D-AF1D-5B241D598C51}.Debug|Any CPU.ActiveCfg = Debug|Any CPU
		{627EF674-6907-423D-AF1D-5B241D598C51}.Debug|Any CPU.Build.0 = Debug|Any CPU
		{627EF674-6907-423D-AF1D-5B241D598C51}.Release|Any CPU.ActiveCfg = Release|Any CPU
		{627EF674-6907-423D-AF1D-5B241D598C51}.Release|Any CPU.Build.0 = Release|Any CPU
		{D628956F-E059-425B-8262-70CC086CF917}.Debug|Any CPU.ActiveCfg = Debug|Any CPU
		{D628956F-E059-425B-8262-70CC086CF917}.Debug|Any CPU.Build.0 = Debug|Any CPU
		{D628956F-E059-425B-8262-70CC086CF917}.Release|Any CPU.ActiveCfg = Release|Any CPU
		{D628956F-E059-425B-8262-70CC086CF917}.Release|Any CPU.Build.0 = Release|Any CPU
		{FF17D989-55FF-40D8-AFD7-162A411CE67E}.Debug|Any CPU.ActiveCfg = Debug|Any CPU
		{FF17D989-55FF-40D8-AFD7-162A411CE67E}.Debug|Any CPU.Build.0 = Debug|Any CPU
		{FF17D989-55FF-40D8-AFD7-162A411CE67E}.Release|Any CPU.ActiveCfg = Release|Any CPU
		{FF17D989-55FF-40D8-AFD7-162A411CE67E}.Release|Any CPU.Build.0 = Release|Any CPU
		{A01142A6-F4FA-43FF-B2D6-09B186A6AAAC}.Debug|Any CPU.ActiveCfg = Debug|Any CPU
		{A01142A6-F4FA-43FF-B2D6-09B186A6AAAC}.Debug|Any CPU.Build.0 = Debug|Any CPU
		{A01142A6-F4FA-43FF-B2D6-09B186A6AAAC}.Release|Any CPU.ActiveCfg = Release|Any CPU
		{A01142A6-F4FA-43FF-B2D6-09B186A6AAAC}.Release|Any CPU.Build.0 = Release|Any CPU
	EndGlobalSection
	GlobalSection(SolutionProperties) = preSolution
		HideSolutionNode = FALSE
	EndGlobalSection
	GlobalSection(NestedProjects) = preSolution
		{FF17D989-55FF-40D8-AFD7-162A411CE67E} = {EF1EA104-B225-406F-B7F1-2ABCC45D627C}
		{A01142A6-F4FA-43FF-B2D6-09B186A6AAAC} = {EF1EA104-B225-406F-B7F1-2ABCC45D627C}
		{825A1017-F516-4DA3-AAD3-66E0F7A49FEF} = {2180511F-15CF-4214-B351-7DF0417EEA6D}
		{03C8E853-B600-46BF-B600-F53F41041CFD} = {2180511F-15CF-4214-B351-7DF0417EEA6D}
		{2B31579A-E50C-48CA-99F9-54E8F5D789D7} = {2180511F-15CF-4214-B351-7DF0417EEA6D}
		{1674DC3E-AE42-42AE-8EF2-93946D1CD1FE} = {2180511F-15CF-4214-B351-7DF0417EEA6D}
		{E10E96E6-C4FF-4AC0-B700-BB0A5AD1E17E} = {2180511F-15CF-4214-B351-7DF0417EEA6D}
		{0D1314B3-0451-4219-9133-43D9C1117EBC} = {2180511F-15CF-4214-B351-7DF0417EEA6D}
		{A579F0D5-1D92-4DD3-87D3-D76CFADFC8F4} = {227A3A89-4D88-472A-8D03-6DFBB24DEECE}
		{735C46D4-9083-4C7E-BB6E-8757E483EAE5} = {227A3A89-4D88-472A-8D03-6DFBB24DEECE}
		{F7395102-7B8D-4805-8910-94C714CA6719} = {227A3A89-4D88-472A-8D03-6DFBB24DEECE}
		{1232003B-763E-4B2A-A52C-DA535AFAB51A} = {227A3A89-4D88-472A-8D03-6DFBB24DEECE}
	EndGlobalSection
EndGlobal
