
Microsoft Visual Studio Solution File, Format Version 10.00
# Visual Studio 2008
Project("{2150E333-8FDC-42A3-9474-1A3956D46DE8}") = "电气计算", "电气计算", "{53BA8AF3-FBFA-4A14-9476-1442FB2DB68E}"
EndProject
Project("{2150E333-8FDC-42A3-9474-1A3956D46DE8}") = "图形", "图形", "{0902D34B-B2BA-4927-8747-89444D2E2167}"
EndProject
Project("{FAE04EC0-301F-11D3-BF4B-00C04F79EFBC}") = "Itop.TLPsp", "Itop.TLPsp\Itop.TLPsp.csproj", "{C9B58C6D-AE54-42BE-A36D-CEB43CA770FB}"
EndProject
Project("{FAE04EC0-301F-11D3-BF4B-00C04F79EFBC}") = "Itop.TLPSP.DEVICE", "Itop.TLPSP.DEVICE\Itop.TLPSP.DEVICE.csproj", "{549F483D-6CDD-47E6-84A4-7B530EB67DC1}"
	ProjectSection(ProjectDependencies) = postProject
		{ED06E9A4-4FC9-4945-B8D6-88E25364A212} = {ED06E9A4-4FC9-4945-B8D6-88E25364A212}
	EndProjectSection
EndProject
Project("{FAE04EC0-301F-11D3-BF4B-00C04F79EFBC}") = "Itop.TLPsp.Graphical", "Itop.TLPsp.Graphical\Itop.TLPsp.Graphical.csproj", "{0D19E762-7F50-4765-AE33-681E95703FCA}"
EndProject
Project("{FAE04EC0-301F-11D3-BF4B-00C04F79EFBC}") = "Itop.TLPsp.Desktop", "Itop.TLPsp.Desktop\Itop.TLPsp.Desktop.csproj", "{FB2750BD-D103-48E5-9201-13910EDDFFC6}"
EndProject
Project("{FAE04EC0-301F-11D3-BF4B-00C04F79EFBC}") = "Itop.DLGH", "Itop.DLHG\Itop.DLGH.csproj", "{23B52AE4-BC1C-40A1-8C94-4F1417F715AF}"
EndProject
Project("{FAE04EC0-301F-11D3-BF4B-00C04F79EFBC}") = "Itop.TLVector.Tools", "Itop.TLVector.Tools\Itop.TLVector.Tools.csproj", "{570EFB4E-7965-4814-BDF2-DDB35DD002F4}"
EndProject
Project("{FAE04EC0-301F-11D3-BF4B-00C04F79EFBC}") = "Itop.CADLib", "Itop.CADLib\Itop.CADLib.csproj", "{850816E0-DD57-44F4-9DB4-38764FCC1CDB}"
EndProject
Project("{FAE04EC0-301F-11D3-BF4B-00C04F79EFBC}") = "PspShapesLib", "PspShapesLib\PspShapesLib.csproj", "{A2A706EF-0A09-45A2-9199-9BD4844BE91E}"
EndProject
Project("{FAE04EC0-301F-11D3-BF4B-00C04F79EFBC}") = "TinVoronoi", "TinVoronoi\TinVoronoi.csproj", "{194417E2-0B8E-45E0-80D6-4DD483E735D1}"
EndProject
Project("{FAE04EC0-301F-11D3-BF4B-00C04F79EFBC}") = "Itop.Domain.Graphics", "Itop.Domain.Graphics\Itop.Domain.Graphics.csproj", "{ED06E9A4-4FC9-4945-B8D6-88E25364A212}"
EndProject
Project("{FAE04EC0-301F-11D3-BF4B-00C04F79EFBC}") = "Itop.LIB", "Itop.LIB\Itop.LIB.csproj", "{BC825064-EAC3-4F2C-A84D-C0800677D3CC}"
EndProject
Project("{FAE04EC0-301F-11D3-BF4B-00C04F79EFBC}") = "Itop.ORAImpl", "Itop.ORAImpl\Itop.ORAImpl.csproj", "{D9715813-33DF-4DB7-B6A6-280ABE0292A6}"
EndProject
Project("{FAE04EC0-301F-11D3-BF4B-00C04F79EFBC}") = "Itop.ORAInterFace", "Itop.ORAInterFace\Itop.ORAInterFace.csproj", "{0B535A2D-0D98-476B-840A-B27DD12E3E6F}"
EndProject
Project("{FAE04EC0-301F-11D3-BF4B-00C04F79EFBC}") = "Itop.Servers", "Itop.Servers\Itop.Servers.csproj", "{807BF5A9-8EF8-423D-BF42-55B6B2F34B75}"
EndProject
Global
	GlobalSection(SubversionScc) = preSolution
		Svn-Managed = True
		Manager = AnkhSVN - Subversion Support for Visual Studio
	EndGlobalSection
	GlobalSection(SolutionConfigurationPlatforms) = preSolution
		Debug|Any CPU = Debug|Any CPU
		Release|Any CPU = Release|Any CPU
	EndGlobalSection
	GlobalSection(ProjectConfigurationPlatforms) = postSolution
		{C9B58C6D-AE54-42BE-A36D-CEB43CA770FB}.Debug|Any CPU.ActiveCfg = Debug|Any CPU
		{C9B58C6D-AE54-42BE-A36D-CEB43CA770FB}.Debug|Any CPU.Build.0 = Debug|Any CPU
		{C9B58C6D-AE54-42BE-A36D-CEB43CA770FB}.Release|Any CPU.ActiveCfg = Release|Any CPU
		{C9B58C6D-AE54-42BE-A36D-CEB43CA770FB}.Release|Any CPU.Build.0 = Release|Any CPU
		{549F483D-6CDD-47E6-84A4-7B530EB67DC1}.Debug|Any CPU.ActiveCfg = Debug|Any CPU
		{549F483D-6CDD-47E6-84A4-7B530EB67DC1}.Debug|Any CPU.Build.0 = Debug|Any CPU
		{549F483D-6CDD-47E6-84A4-7B530EB67DC1}.Release|Any CPU.ActiveCfg = Release|Any CPU
		{549F483D-6CDD-47E6-84A4-7B530EB67DC1}.Release|Any CPU.Build.0 = Release|Any CPU
		{0D19E762-7F50-4765-AE33-681E95703FCA}.Debug|Any CPU.ActiveCfg = Debug|Any CPU
		{0D19E762-7F50-4765-AE33-681E95703FCA}.Debug|Any CPU.Build.0 = Debug|Any CPU
		{0D19E762-7F50-4765-AE33-681E95703FCA}.Release|Any CPU.ActiveCfg = Release|Any CPU
		{0D19E762-7F50-4765-AE33-681E95703FCA}.Release|Any CPU.Build.0 = Release|Any CPU
		{FB2750BD-D103-48E5-9201-13910EDDFFC6}.Debug|Any CPU.ActiveCfg = Debug|Any CPU
		{FB2750BD-D103-48E5-9201-13910EDDFFC6}.Debug|Any CPU.Build.0 = Debug|Any CPU
		{FB2750BD-D103-48E5-9201-13910EDDFFC6}.Release|Any CPU.ActiveCfg = Release|Any CPU
		{FB2750BD-D103-48E5-9201-13910EDDFFC6}.Release|Any CPU.Build.0 = Release|Any CPU
		{23B52AE4-BC1C-40A1-8C94-4F1417F715AF}.Debug|Any CPU.ActiveCfg = Debug|Any CPU
		{23B52AE4-BC1C-40A1-8C94-4F1417F715AF}.Debug|Any CPU.Build.0 = Debug|Any CPU
		{23B52AE4-BC1C-40A1-8C94-4F1417F715AF}.Release|Any CPU.ActiveCfg = Release|Any CPU
		{23B52AE4-BC1C-40A1-8C94-4F1417F715AF}.Release|Any CPU.Build.0 = Release|Any CPU
		{570EFB4E-7965-4814-BDF2-DDB35DD002F4}.Debug|Any CPU.ActiveCfg = Debug|Any CPU
		{570EFB4E-7965-4814-BDF2-DDB35DD002F4}.Debug|Any CPU.Build.0 = Debug|Any CPU
		{570EFB4E-7965-4814-BDF2-DDB35DD002F4}.Release|Any CPU.ActiveCfg = Release|Any CPU
		{570EFB4E-7965-4814-BDF2-DDB35DD002F4}.Release|Any CPU.Build.0 = Release|Any CPU
		{850816E0-DD57-44F4-9DB4-38764FCC1CDB}.Debug|Any CPU.ActiveCfg = Debug|Any CPU
		{850816E0-DD57-44F4-9DB4-38764FCC1CDB}.Debug|Any CPU.Build.0 = Debug|Any CPU
		{850816E0-DD57-44F4-9DB4-38764FCC1CDB}.Release|Any CPU.ActiveCfg = Release|Any CPU
		{850816E0-DD57-44F4-9DB4-38764FCC1CDB}.Release|Any CPU.Build.0 = Release|Any CPU
		{A2A706EF-0A09-45A2-9199-9BD4844BE91E}.Debug|Any CPU.ActiveCfg = Debug|Any CPU
		{A2A706EF-0A09-45A2-9199-9BD4844BE91E}.Debug|Any CPU.Build.0 = Debug|Any CPU
		{A2A706EF-0A09-45A2-9199-9BD4844BE91E}.Release|Any CPU.ActiveCfg = Release|Any CPU
		{A2A706EF-0A09-45A2-9199-9BD4844BE91E}.Release|Any CPU.Build.0 = Release|Any CPU
		{194417E2-0B8E-45E0-80D6-4DD483E735D1}.Debug|Any CPU.ActiveCfg = Debug|Any CPU
		{194417E2-0B8E-45E0-80D6-4DD483E735D1}.Debug|Any CPU.Build.0 = Debug|Any CPU
		{194417E2-0B8E-45E0-80D6-4DD483E735D1}.Release|Any CPU.ActiveCfg = Release|Any CPU
		{194417E2-0B8E-45E0-80D6-4DD483E735D1}.Release|Any CPU.Build.0 = Release|Any CPU
		{ED06E9A4-4FC9-4945-B8D6-88E25364A212}.Debug|Any CPU.ActiveCfg = Debug|Any CPU
		{ED06E9A4-4FC9-4945-B8D6-88E25364A212}.Debug|Any CPU.Build.0 = Debug|Any CPU
		{ED06E9A4-4FC9-4945-B8D6-88E25364A212}.Release|Any CPU.ActiveCfg = Release|Any CPU
		{ED06E9A4-4FC9-4945-B8D6-88E25364A212}.Release|Any CPU.Build.0 = Release|Any CPU
		{BC825064-EAC3-4F2C-A84D-C0800677D3CC}.Debug|Any CPU.ActiveCfg = Debug|Any CPU
		{BC825064-EAC3-4F2C-A84D-C0800677D3CC}.Debug|Any CPU.Build.0 = Debug|Any CPU
		{BC825064-EAC3-4F2C-A84D-C0800677D3CC}.Release|Any CPU.ActiveCfg = Release|Any CPU
		{BC825064-EAC3-4F2C-A84D-C0800677D3CC}.Release|Any CPU.Build.0 = Release|Any CPU
		{D9715813-33DF-4DB7-B6A6-280ABE0292A6}.Debug|Any CPU.ActiveCfg = Debug|Any CPU
		{D9715813-33DF-4DB7-B6A6-280ABE0292A6}.Debug|Any CPU.Build.0 = Debug|Any CPU
		{D9715813-33DF-4DB7-B6A6-280ABE0292A6}.Release|Any CPU.ActiveCfg = Release|Any CPU
		{D9715813-33DF-4DB7-B6A6-280ABE0292A6}.Release|Any CPU.Build.0 = Release|Any CPU
		{0B535A2D-0D98-476B-840A-B27DD12E3E6F}.Debug|Any CPU.ActiveCfg = Debug|Any CPU
		{0B535A2D-0D98-476B-840A-B27DD12E3E6F}.Debug|Any CPU.Build.0 = Debug|Any CPU
		{0B535A2D-0D98-476B-840A-B27DD12E3E6F}.Release|Any CPU.ActiveCfg = Release|Any CPU
		{0B535A2D-0D98-476B-840A-B27DD12E3E6F}.Release|Any CPU.Build.0 = Release|Any CPU
		{807BF5A9-8EF8-423D-BF42-55B6B2F34B75}.Debug|Any CPU.ActiveCfg = Debug|Any CPU
		{807BF5A9-8EF8-423D-BF42-55B6B2F34B75}.Debug|Any CPU.Build.0 = Debug|Any CPU
		{807BF5A9-8EF8-423D-BF42-55B6B2F34B75}.Release|Any CPU.ActiveCfg = Release|Any CPU
		{807BF5A9-8EF8-423D-BF42-55B6B2F34B75}.Release|Any CPU.Build.0 = Release|Any CPU
	EndGlobalSection
	GlobalSection(SolutionProperties) = preSolution
		HideSolutionNode = FALSE
	EndGlobalSection
	GlobalSection(NestedProjects) = preSolution
		{C9B58C6D-AE54-42BE-A36D-CEB43CA770FB} = {53BA8AF3-FBFA-4A14-9476-1442FB2DB68E}
		{549F483D-6CDD-47E6-84A4-7B530EB67DC1} = {53BA8AF3-FBFA-4A14-9476-1442FB2DB68E}
		{0D19E762-7F50-4765-AE33-681E95703FCA} = {53BA8AF3-FBFA-4A14-9476-1442FB2DB68E}
		{FB2750BD-D103-48E5-9201-13910EDDFFC6} = {53BA8AF3-FBFA-4A14-9476-1442FB2DB68E}
		{23B52AE4-BC1C-40A1-8C94-4F1417F715AF} = {0902D34B-B2BA-4927-8747-89444D2E2167}
		{570EFB4E-7965-4814-BDF2-DDB35DD002F4} = {0902D34B-B2BA-4927-8747-89444D2E2167}
		{850816E0-DD57-44F4-9DB4-38764FCC1CDB} = {0902D34B-B2BA-4927-8747-89444D2E2167}
		{A2A706EF-0A09-45A2-9199-9BD4844BE91E} = {0902D34B-B2BA-4927-8747-89444D2E2167}
		{194417E2-0B8E-45E0-80D6-4DD483E735D1} = {0902D34B-B2BA-4927-8747-89444D2E2167}
	EndGlobalSection
EndGlobal
